
Microsoft Visual Studio Solution File, Format Version 12.00
# Visual Studio Version 17
VisualStudioVersion = 17.14.36401.2 d17.14
MinimumVisualStudioVersion = 10.0.40219.1
Project("{8BC9CEB8-8B4A-11D0-8D11-00A0C91BC942}") = "Exercicio_atleta_aula", "Exercicio_atleta_aula.vcxproj", "{C0CE2799-01E2-4A38-9EE1-F4DF5CDDF701}"
EndProject
Global
	GlobalSection(SolutionConfigurationPlatforms) = preSolution
		Debug|x64 = Debug|x64
		Debug|x86 = Debug|x86
		Release|x64 = Release|x64
		Release|x86 = Release|x86
	EndGlobalSection
	GlobalSection(ProjectConfigurationPlatforms) = postSolution
		{C0CE2799-01E2-4A38-9EE1-F4DF5CDDF701}.Debug|x64.ActiveCfg = Debug|x64
		{C0CE2799-01E2-4A38-9EE1-F4DF5CDDF701}.Debug|x64.Build.0 = Debug|x64
		{C0CE2799-01E2-4A38-9EE1-F4DF5CDDF701}.Debug|x86.ActiveCfg = Debug|Win32
		{C0CE2799-01E2-4A38-9EE1-F4DF5CDDF701}.Debug|x86.Build.0 = Debug|Win32
		{C0CE2799-01E2-4A38-9EE1-F4DF5CDDF701}.Release|x64.ActiveCfg = Release|x64
		{C0CE2799-01E2-4A38-9EE1-F4DF5CDDF701}.Release|x64.Build.0 = Release|x64
		{C0CE2799-01E2-4A38-9EE1-F4DF5CDDF701}.Release|x86.ActiveCfg = Release|Win32
		{C0CE2799-01E2-4A38-9EE1-F4DF5CDDF701}.Release|x86.Build.0 = Release|Win32
	EndGlobalSection
	GlobalSection(SolutionProperties) = preSolution
		HideSolutionNode = FALSE
	EndGlobalSection
	GlobalSection(ExtensibilityGlobals) = postSolution
		SolutionGuid = {1979FC01-D4A0-4CD0-8516-BFADAEB399A0}
	EndGlobalSection
EndGlobal
