
Microsoft Visual Studio Solution File, Format Version 12.00
# Visual Studio Version 17
VisualStudioVersion = 17.14.36401.2
MinimumVisualStudioVersion = 10.0.40219.1
Project("{8BC9CEB8-8B4A-11D0-8D11-00A0C91BC942}") = "exercicio_2", "exercicio_2.vcxproj", "{48BE2157-DDA4-42AD-8208-CFE188DDCDEC}"
EndProject
Global
	GlobalSection(SolutionConfigurationPlatforms) = preSolution
		Debug|x64 = Debug|x64
		Debug|x86 = Debug|x86
		Release|x64 = Release|x64
		Release|x86 = Release|x86
	EndGlobalSection
	GlobalSection(ProjectConfigurationPlatforms) = postSolution
		{48BE2157-DDA4-42AD-8208-CFE188DDCDEC}.Debug|x64.ActiveCfg = Debug|x64
		{48BE2157-DDA4-42AD-8208-CFE188DDCDEC}.Debug|x64.Build.0 = Debug|x64
		{48BE2157-DDA4-42AD-8208-CFE188DDCDEC}.Debug|x86.ActiveCfg = Debug|Win32
		{48BE2157-DDA4-42AD-8208-CFE188DDCDEC}.Debug|x86.Build.0 = Debug|Win32
		{48BE2157-DDA4-42AD-8208-CFE188DDCDEC}.Release|x64.ActiveCfg = Release|x64
		{48BE2157-DDA4-42AD-8208-CFE188DDCDEC}.Release|x64.Build.0 = Release|x64
		{48BE2157-DDA4-42AD-8208-CFE188DDCDEC}.Release|x86.ActiveCfg = Release|Win32
		{48BE2157-DDA4-42AD-8208-CFE188DDCDEC}.Release|x86.Build.0 = Release|Win32
	EndGlobalSection
	GlobalSection(SolutionProperties) = preSolution
		HideSolutionNode = FALSE
	EndGlobalSection
	GlobalSection(ExtensibilityGlobals) = postSolution
		SolutionGuid = {9871221C-9D5C-44A8-AF08-99C07F8F8930}
	EndGlobalSection
EndGlobal
